
Microsoft Visual Studio Solution File, Format Version 12.00
# Visual Studio Version 16
VisualStudioVersion = 16.0.30621.155
MinimumVisualStudioVersion = 10.0.40219.1
Project("{FAE04EC0-301F-11D3-BF4B-00C04F79EFBC}") = "UltimateFireworks", "UltimateFireworks\UltimateFireworks.csproj", "{16DAF98A-522C-4EC2-BDFA-A897CA0D1F72}"
EndProject
Global
	GlobalSection(SolutionConfigurationPlatforms) = preSolution
		Debug|Any CPU = Debug|Any CPU
		Release|Any CPU = Release|Any CPU
	EndGlobalSection
	GlobalSection(ProjectConfigurationPlatforms) = postSolution
		{16DAF98A-522C-4EC2-BDFA-A897CA0D1F72}.Debug|Any CPU.ActiveCfg = Debug|Any CPU
		{16DAF98A-522C-4EC2-BDFA-A897CA0D1F72}.Debug|Any CPU.Build.0 = Debug|Any CPU
		{16DAF98A-522C-4EC2-BDFA-A897CA0D1F72}.Release|Any CPU.ActiveCfg = Release|Any CPU
		{16DAF98A-522C-4EC2-BDFA-A897CA0D1F72}.Release|Any CPU.Build.0 = Release|Any CPU
	EndGlobalSection
	GlobalSection(SolutionProperties) = preSolution
		HideSolutionNode = FALSE
	EndGlobalSection
	GlobalSection(ExtensibilityGlobals) = postSolution
		SolutionGuid = {E115C85F-0C3B-4BDD-8133-5122E6F04458}
	EndGlobalSection
EndGlobal
